
Microsoft Visual Studio Solution File, Format Version 12.00
# Visual Studio Version 16
VisualStudioVersion = 16.0.28922.388
MinimumVisualStudioVersion = 10.0.40219.1
Project("{9A19103F-16F7-4668-BE54-9A1E7A4F7556}") = "rigsync", "rigsync\rigsync.csproj", "{94F34F42-3D6A-45ED-83A0-485283B511B1}"
EndProject
Global
	GlobalSection(SolutionConfigurationPlatforms) = preSolution
		Debug|Any CPU = Debug|Any CPU
		Release|Any CPU = Release|Any CPU
	EndGlobalSection
	GlobalSection(ProjectConfigurationPlatforms) = postSolution
		{94F34F42-3D6A-45ED-83A0-485283B511B1}.Debug|Any CPU.ActiveCfg = Debug|Any CPU
		{94F34F42-3D6A-45ED-83A0-485283B511B1}.Debug|Any CPU.Build.0 = Debug|Any CPU
		{94F34F42-3D6A-45ED-83A0-485283B511B1}.Release|Any CPU.ActiveCfg = Release|Any CPU
		{94F34F42-3D6A-45ED-83A0-485283B511B1}.Release|Any CPU.Build.0 = Release|Any CPU
	EndGlobalSection
	GlobalSection(SolutionProperties) = preSolution
		HideSolutionNode = FALSE
	EndGlobalSection
	GlobalSection(ExtensibilityGlobals) = postSolution
		SolutionGuid = {336C3301-35B2-4D13-92C5-E36FE8F6F171}
	EndGlobalSection
	GlobalSection(MonoDevelopProperties) = preSolution
		version = 0.2.0
	EndGlobalSection
EndGlobal
